{
  "name": "search123",
  "version": "1.0.0",
  "lockfileVersion": 2,
  "requires": true,
  "packages": {
    "": {
      "name": "search123",
      "version": "1.0.0",
      "license": "ISC",
      "dependencies": {
        "js-pinyin": "^0.2.7"
      }
    },
    "node_modules/js-pinyin": {
      "version": "0.2.7",
      "resolved": "https://registry.npmmirror.com/js-pinyin/-/js-pinyin-0.2.7.tgz",
      "integrity": "sha512-Dbm7qJDwlC2MRHRXQo7GrVrL5w975tEOX6sfc0M8Z3oL9VhR4uUqgkwaETMqh4bAJ14w4zVs3tXsi9pDxWUmNg=="
    }
  },
  "dependencies": {
    "js-pinyin": {
      "version": "0.2.7",
      "resolved": "https://registry.npmmirror.com/js-pinyin/-/js-pinyin-0.2.7.tgz",
      "integrity": "sha512-Dbm7qJDwlC2MRHRXQo7GrVrL5w975tEOX6sfc0M8Z3oL9VhR4uUqgkwaETMqh4bAJ14w4zVs3tXsi9pDxWUmNg=="
    }
  }
}
